
Microsoft Visual Studio Solution File, Format Version 12.00
# Visual Studio Version 16
VisualStudioVersion = 16.0.31605.320
MinimumVisualStudioVersion = 10.0.40219.1
Project("{FAE04EC0-301F-11D3-BF4B-00C04F79EFBC}") = "Gerador de Senhas", "Gerador de Senhas\Gerador de Senhas.csproj", "{B612CC1F-6D2B-45BC-BB46-BA6D3040EB39}"
EndProject
Global
	GlobalSection(SolutionConfigurationPlatforms) = preSolution
		Debug|Any CPU = Debug|Any CPU
		Release|Any CPU = Release|Any CPU
	EndGlobalSection
	GlobalSection(ProjectConfigurationPlatforms) = postSolution
		{B612CC1F-6D2B-45BC-BB46-BA6D3040EB39}.Debug|Any CPU.ActiveCfg = Debug|Any CPU
		{B612CC1F-6D2B-45BC-BB46-BA6D3040EB39}.Debug|Any CPU.Build.0 = Debug|Any CPU
		{B612CC1F-6D2B-45BC-BB46-BA6D3040EB39}.Release|Any CPU.ActiveCfg = Release|Any CPU
		{B612CC1F-6D2B-45BC-BB46-BA6D3040EB39}.Release|Any CPU.Build.0 = Release|Any CPU
	EndGlobalSection
	GlobalSection(SolutionProperties) = preSolution
		HideSolutionNode = FALSE
	EndGlobalSection
	GlobalSection(ExtensibilityGlobals) = postSolution
		SolutionGuid = {B13B3B0F-1118-47F4-8CD6-2C2EA9D0A464}
	EndGlobalSection
EndGlobal
